
Microsoft Visual Studio Solution File, Format Version 12.00
# Visual Studio 2013
VisualStudioVersion = 12.0.21005.1
MinimumVisualStudioVersion = 10.0.40219.1
Project("{F184B08F-C81C-45F6-A57F-5ABD9991F28F}") = "scrapping", "scrapping\scrapping.vbproj", "{AC6E1041-4699-4D34-9E4B-F488A872CAFD}"
EndProject
Global
	GlobalSection(SolutionConfigurationPlatforms) = preSolution
		Debug|Any CPU = Debug|Any CPU
		Release|Any CPU = Release|Any CPU
	EndGlobalSection
	GlobalSection(ProjectConfigurationPlatforms) = postSolution
		{AC6E1041-4699-4D34-9E4B-F488A872CAFD}.Debug|Any CPU.ActiveCfg = Release|Any CPU
		{AC6E1041-4699-4D34-9E4B-F488A872CAFD}.Debug|Any CPU.Build.0 = Release|Any CPU
		{AC6E1041-4699-4D34-9E4B-F488A872CAFD}.Release|Any CPU.ActiveCfg = Release|Any CPU
		{AC6E1041-4699-4D34-9E4B-F488A872CAFD}.Release|Any CPU.Build.0 = Release|Any CPU
	EndGlobalSection
	GlobalSection(SolutionProperties) = preSolution
		HideSolutionNode = FALSE
	EndGlobalSection
EndGlobal
